
Microsoft Visual Studio Solution File, Format Version 12.00
# Visual Studio Version 17
VisualStudioVersion = 17.6.33829.357
MinimumVisualStudioVersion = 10.0.40219.1
Project("{9A19103F-16F7-4668-BE54-9A1E7A4F7556}") = "LoginPOC_Dotnet", "LoginPOC_Dotnet\LoginPOC_Dotnet.csproj", "{192705D8-5FA1-4CEE-A4EB-A78C3C4C8521}"
EndProject
Project("{2150E333-8FDC-42A3-9474-1A3956D46DE8}") = "Solution Items", "Solution Items", "{9A81AF3F-A952-443D-9C64-2BE8C01D8D54}"
EndProject
Global
	GlobalSection(SolutionConfigurationPlatforms) = preSolution
		Debug|Any CPU = Debug|Any CPU
		Release|Any CPU = Release|Any CPU
	EndGlobalSection
	GlobalSection(ProjectConfigurationPlatforms) = postSolution
		{192705D8-5FA1-4CEE-A4EB-A78C3C4C8521}.Debug|Any CPU.ActiveCfg = Debug|Any CPU
		{192705D8-5FA1-4CEE-A4EB-A78C3C4C8521}.Debug|Any CPU.Build.0 = Debug|Any CPU
		{192705D8-5FA1-4CEE-A4EB-A78C3C4C8521}.Release|Any CPU.ActiveCfg = Release|Any CPU
		{192705D8-5FA1-4CEE-A4EB-A78C3C4C8521}.Release|Any CPU.Build.0 = Release|Any CPU
	EndGlobalSection
	GlobalSection(SolutionProperties) = preSolution
		HideSolutionNode = FALSE
	EndGlobalSection
	GlobalSection(ExtensibilityGlobals) = postSolution
		SolutionGuid = {90FBB394-A68F-4939-9640-A1ADECE3562C}
	EndGlobalSection
EndGlobal
